
Microsoft Visual Studio Solution File, Format Version 12.00
# Visual Studio 2013
VisualStudioVersion = 12.0.21005.1
MinimumVisualStudioVersion = 10.0.40219.1
Project("{FAE04EC0-301F-11D3-BF4B-00C04F79EFBC}") = "Android-Push-Notifications", "Android-Push-Notifications\Android-Push-Notifications.csproj", "{6BC8596E-8FDA-42F8-81A6-737273C4CEEA}"
EndProject
Project("{FAE04EC0-301F-11D3-BF4B-00C04F79EFBC}") = "DeviceService", "DeviceService\DeviceService.csproj", "{EF9F08CF-518B-40FE-B7C2-522103A269BB}"
EndProject
Global
	GlobalSection(SolutionConfigurationPlatforms) = preSolution
		Debug|Any CPU = Debug|Any CPU
		Release|Any CPU = Release|Any CPU
	EndGlobalSection
	GlobalSection(ProjectConfigurationPlatforms) = postSolution
		{6BC8596E-8FDA-42F8-81A6-737273C4CEEA}.Debug|Any CPU.ActiveCfg = Debug|Any CPU
		{6BC8596E-8FDA-42F8-81A6-737273C4CEEA}.Debug|Any CPU.Build.0 = Debug|Any CPU
		{6BC8596E-8FDA-42F8-81A6-737273C4CEEA}.Release|Any CPU.ActiveCfg = Release|Any CPU
		{6BC8596E-8FDA-42F8-81A6-737273C4CEEA}.Release|Any CPU.Build.0 = Release|Any CPU
		{EF9F08CF-518B-40FE-B7C2-522103A269BB}.Debug|Any CPU.ActiveCfg = Debug|Any CPU
		{EF9F08CF-518B-40FE-B7C2-522103A269BB}.Debug|Any CPU.Build.0 = Debug|Any CPU
		{EF9F08CF-518B-40FE-B7C2-522103A269BB}.Release|Any CPU.ActiveCfg = Release|Any CPU
		{EF9F08CF-518B-40FE-B7C2-522103A269BB}.Release|Any CPU.Build.0 = Release|Any CPU
	EndGlobalSection
	GlobalSection(SolutionProperties) = preSolution
		HideSolutionNode = FALSE
	EndGlobalSection
EndGlobal
